// !$*UTF8*$!
{
	archiveVersion = 1;
	classes = {
	};
	objectVersion = 46;
	objects = {

/* Begin PBXBuildFile section */
		99782DA21EA4BAC60009A9CA /* AppDelegate.swift in Sources */ = {isa = PBXBuildFile; fileRef = 99782DA11EA4BAC60009A9CA /* AppDelegate.swift */; };
		99782DA41EA4BAC60009A9CA /* ViewController.swift in Sources */ = {isa = PBXBuildFile; fileRef = 99782DA31EA4BAC60009A9CA /* ViewController.swift */; };
		99782DA71EA4BAC60009A9CA /* Main.storyboard in Resources */ = {isa = PBXBuildFile; fileRef = 99782DA51EA4BAC60009A9CA /* Main.storyboard */; };
		99782DAA1EA4BAC60009A9CA /* APOD_Browser.xcdatamodeld in Sources */ = {isa = PBXBuildFile; fileRef = 99782DA81EA4BAC60009A9CA /* APOD_Browser.xcdatamodeld */; };
		99782DAC1EA4BAC60009A9CA /* Assets.xcassets in Resources */ = {isa = PBXBuildFile; fileRef = 99782DAB1EA4BAC60009A9CA /* Assets.xcassets */; };
		99782DAF1EA4BAC60009A9CA /* LaunchScreen.storyboard in Resources */ = {isa = PBXBuildFile; fileRef = 99782DAD1EA4BAC60009A9CA /* LaunchScreen.storyboard */; };
		99782DBA1EA4BAC60009A9CA /* APOD_BrowserTests.swift in Sources */ = {isa = PBXBuildFile; fileRef = 99782DB91EA4BAC60009A9CA /* APOD_BrowserTests.swift */; };
		99782DC51EA4BAC60009A9CA /* APOD_BrowserUITests.swift in Sources */ = {isa = PBXBuildFile; fileRef = 99782DC41EA4BAC60009A9CA /* APOD_BrowserUITests.swift */; };
		99782DD31EA4D3000009A9CA /* NetworkManager.swift in Sources */ = {isa = PBXBuildFile; fileRef = 99782DD21EA4D3000009A9CA /* NetworkManager.swift */; };
/* End PBXBuildFile section */

/* Begin PBXContainerItemProxy section */
		99782DB61EA4BAC60009A9CA /* PBXContainerItemProxy */ = {
			isa = PBXContainerItemProxy;
			containerPortal = 99782D961EA4BAC60009A9CA /* Project object */;
			proxyType = 1;
			remoteGlobalIDString = 99782D9D1EA4BAC60009A9CA;
			remoteInfo = "APOD Browser";
		};
		99782DC11EA4BAC60009A9CA /* PBXContainerItemProxy */ = {
			isa = PBXContainerItemProxy;
			containerPortal = 99782D961EA4BAC60009A9CA /* Project object */;
			proxyType = 1;
			remoteGlobalIDString = 99782D9D1EA4BAC60009A9CA;
			remoteInfo = "APOD Browser";
		};
/* End PBXContainerItemProxy section */

/* Begin PBXFileReference section */
		99782D9E1EA4BAC60009A9CA /* APOD Browser.app */ = {isa = PBXFileReference; explicitFileType = wrapper.application; includeInIndex = 0; path = "APOD Browser.app"; sourceTree = BUILT_PRODUCTS_DIR; };
		99782DA11EA4BAC60009A9CA /* AppDelegate.swift */ = {isa = PBXFileReference; lastKnownFileType = sourcecode.swift; path = AppDelegate.swift; sourceTree = "<group>"; };
		99782DA31EA4BAC60009A9CA /* ViewController.swift */ = {isa = PBXFileReference; lastKnownFileType = sourcecode.swift; path = ViewController.swift; sourceTree = "<group>"; };
		99782DA61EA4BAC60009A9CA /* Base */ = {isa = PBXFileReference; lastKnownFileType = file.storyboard; name = Base; path = Base.lproj/Main.storyboard; sourceTree = "<group>"; };
		99782DA91EA4BAC60009A9CA /* APOD_Browser.xcdatamodel */ = {isa = PBXFileReference; lastKnownFileType = wrapper.xcdatamodel; path = APOD_Browser.xcdatamodel; sourceTree = "<group>"; };
		99782DAB1EA4BAC60009A9CA /* Assets.xcassets */ = {isa = PBXFileReference; lastKnownFileType = folder.assetcatalog; path = Assets.xcassets; sourceTree = "<group>"; };
		99782DAE1EA4BAC60009A9CA /* Base */ = {isa = PBXFileReference; lastKnownFileType = file.storyboard; name = Base; path = Base.lproj/LaunchScreen.storyboard; sourceTree = "<group>"; };
		99782DB01EA4BAC60009A9CA /* Info.plist */ = {isa = PBXFileReference; lastKnownFileType = text.plist.xml; path = Info.plist; sourceTree = "<group>"; };
		99782DB51EA4BAC60009A9CA /* APOD BrowserTests.xctest */ = {isa = PBXFileReference; explicitFileType = wrapper.cfbundle; includeInIndex = 0; path = "APOD BrowserTests.xctest"; sourceTree = BUILT_PRODUCTS_DIR; };
		99782DB91EA4BAC60009A9CA /* APOD_BrowserTests.swift */ = {isa = PBXFileReference; lastKnownFileType = sourcecode.swift; path = APOD_BrowserTests.swift; sourceTree = "<group>"; };
		99782DBB1EA4BAC60009A9CA /* Info.plist */ = {isa = PBXFileReference; lastKnownFileType = text.plist.xml; path = Info.plist; sourceTree = "<group>"; };
		99782DC01EA4BAC60009A9CA /* APOD BrowserUITests.xctest */ = {isa = PBXFileReference; explicitFileType = wrapper.cfbundle; includeInIndex = 0; path = "APOD BrowserUITests.xctest"; sourceTree = BUILT_PRODUCTS_DIR; };
		99782DC41EA4BAC60009A9CA /* APOD_BrowserUITests.swift */ = {isa = PBXFileReference; lastKnownFileType = sourcecode.swift; path = APOD_BrowserUITests.swift; sourceTree = "<group>"; };
		99782DC61EA4BAC60009A9CA /* Info.plist */ = {isa = PBXFileReference; lastKnownFileType = text.plist.xml; path = Info.plist; sourceTree = "<group>"; };
		99782DD21EA4D3000009A9CA /* NetworkManager.swift */ = {isa = PBXFileReference; fileEncoding = 4; lastKnownFileType = sourcecode.swift; path = NetworkManager.swift; sourceTree = "<group>"; };
/* End PBXFileReference section */

/* Begin PBXFrameworksBuildPhase section */
		99782D9B1EA4BAC60009A9CA /* Frameworks */ = {
			isa = PBXFrameworksBuildPhase;
			buildActionMask = 2147483647;
			files = (
			);
			runOnlyForDeploymentPostprocessing = 0;
		};
		99782DB21EA4BAC60009A9CA /* Frameworks */ = {
			isa = PBXFrameworksBuildPhase;
			buildActionMask = 2147483647;
			files = (
			);
			runOnlyForDeploymentPostprocessing = 0;
		};
		99782DBD1EA4BAC60009A9CA /* Frameworks */ = {
			isa = PBXFrameworksBuildPhase;
			buildActionMask = 2147483647;
			files = (
			);
			runOnlyForDeploymentPostprocessing = 0;
		};
/* End PBXFrameworksBuildPhase section */

/* Begin PBXGroup section */
		99782D951EA4BAC60009A9CA = {
			isa = PBXGroup;
			children = (
				99782DA01EA4BAC60009A9CA /* APOD Browser */,
				99782DB81EA4BAC60009A9CA /* APOD BrowserTests */,
				99782DC31EA4BAC60009A9CA /* APOD BrowserUITests */,
				99782D9F1EA4BAC60009A9CA /* Products */,
			);
			sourceTree = "<group>";
		};
		99782D9F1EA4BAC60009A9CA /* Products */ = {
			isa = PBXGroup;
			children = (
				99782D9E1EA4BAC60009A9CA /* APOD Browser.app */,
				99782DB51EA4BAC60009A9CA /* APOD BrowserTests.xctest */,
				99782DC01EA4BAC60009A9CA /* APOD BrowserUITests.xctest */,
			);
			name = Products;
			sourceTree = "<group>";
		};
		99782DA01EA4BAC60009A9CA /* APOD Browser */ = {
			isa = PBXGroup;
			children = (
				99782DA11EA4BAC60009A9CA /* AppDelegate.swift */,
				99782DA31EA4BAC60009A9CA /* ViewController.swift */,
				99782DA51EA4BAC60009A9CA /* Main.storyboard */,
				99782DAB1EA4BAC60009A9CA /* Assets.xcassets */,
				99782DAD1EA4BAC60009A9CA /* LaunchScreen.storyboard */,
				99782DB01EA4BAC60009A9CA /* Info.plist */,
				99782DA81EA4BAC60009A9CA /* APOD_Browser.xcdatamodeld */,
				99782DD21EA4D3000009A9CA /* NetworkManager.swift */,
			);
			path = "APOD Browser";
			sourceTree = "<group>";
		};
		99782DB81EA4BAC60009A9CA /* APOD BrowserTests */ = {
			isa = PBXGroup;
			children = (
				99782DB91EA4BAC60009A9CA /* APOD_BrowserTests.swift */,
				99782DBB1EA4BAC60009A9CA /* Info.plist */,
			);
			path = "APOD BrowserTests";
			sourceTree = "<group>";
		};
		99782DC31EA4BAC60009A9CA /* APOD BrowserUITests */ = {
			isa = PBXGroup;
			children = (
				99782DC41EA4BAC60009A9CA /* APOD_BrowserUITests.swift */,
				99782DC61EA4BAC60009A9CA /* Info.plist */,
			);
			path = "APOD BrowserUITests";
			sourceTree = "<group>";
		};
/* End PBXGroup section */

/* Begin PBXNativeTarget section */
		99782D9D1EA4BAC60009A9CA /* APOD Browser */ = {
			isa = PBXNativeTarget;
			buildConfigurationList = 99782DC91EA4BAC60009A9CA /* Build configuration list for PBXNativeTarget "APOD Browser" */;
			buildPhases = (
				99782D9A1EA4BAC60009A9CA /* Sources */,
				99782D9B1EA4BAC60009A9CA /* Frameworks */,
				99782D9C1EA4BAC60009A9CA /* Resources */,
			);
			buildRules = (
			);
			dependencies = (
			);
			name = "APOD Browser";
			productName = "APOD Browser";
			productReference = 99782D9E1EA4BAC60009A9CA /* APOD Browser.app */;
			productType = "com.apple.product-type.application";
		};
		99782DB41EA4BAC60009A9CA /* APOD BrowserTests */ = {
			isa = PBXNativeTarget;
			buildConfigurationList = 99782DCC1EA4BAC60009A9CA /* Build configuration list for PBXNativeTarget "APOD BrowserTests" */;
			buildPhases = (
				99782DB11EA4BAC60009A9CA /* Sources */,
				99782DB21EA4BAC60009A9CA /* Frameworks */,
				99782DB31EA4BAC60009A9CA /* Resources */,
			);
			buildRules = (
			);
			dependencies = (
				99782DB71EA4BAC60009A9CA /* PBXTargetDependency */,
			);
			name = "APOD BrowserTests";
			productName = "APOD BrowserTests";
			productReference = 99782DB51EA4BAC60009A9CA /* APOD BrowserTests.xctest */;
			productType = "com.apple.product-type.bundle.unit-test";
		};
		99782DBF1EA4BAC60009A9CA /* APOD BrowserUITests */ = {
			isa = PBXNativeTarget;
			buildConfigurationList = 99782DCF1EA4BAC60009A9CA /* Build configuration list for PBXNativeTarget "APOD BrowserUITests" */;
			buildPhases = (
				99782DBC1EA4BAC60009A9CA /* Sources */,
				99782DBD1EA4BAC60009A9CA /* Frameworks */,
				99782DBE1EA4BAC60009A9CA /* Resources */,
			);
			buildRules = (
			);
			dependencies = (
				99782DC21EA4BAC60009A9CA /* PBXTargetDependency */,
			);
			name = "APOD BrowserUITests";
			productName = "APOD BrowserUITests";
			productReference = 99782DC01EA4BAC60009A9CA /* APOD BrowserUITests.xctest */;
			productType = "com.apple.product-type.bundle.ui-testing";
		};
/* End PBXNativeTarget section */

/* Begin PBXProject section */
		99782D961EA4BAC60009A9CA /* Project object */ = {
			isa = PBXProject;
			attributes = {
				LastSwiftUpdateCheck = 0830;
				LastUpgradeCheck = 0830;
				ORGANIZATIONNAME = "Robin Spinks";
				TargetAttributes = {
					99782D9D1EA4BAC60009A9CA = {
						CreatedOnToolsVersion = 8.3.1;
						DevelopmentTeam = F37NX2W83F;
						ProvisioningStyle = Automatic;
					};
					99782DB41EA4BAC60009A9CA = {
						CreatedOnToolsVersion = 8.3.1;
						DevelopmentTeam = F37NX2W83F;
						ProvisioningStyle = Automatic;
						TestTargetID = 99782D9D1EA4BAC60009A9CA;
					};
					99782DBF1EA4BAC60009A9CA = {
						CreatedOnToolsVersion = 8.3.1;
						DevelopmentTeam = F37NX2W83F;
						ProvisioningStyle = Automatic;
						TestTargetID = 99782D9D1EA4BAC60009A9CA;
					};
				};
			};
			buildConfigurationList = 99782D991EA4BAC60009A9CA /* Build configuration list for PBXProject "APOD Browser" */;
			compatibilityVersion = "Xcode 3.2";
			developmentRegion = English;
			hasScannedForEncodings = 0;
			knownRegions = (
				en,
				Base,
			);
			mainGroup = 99782D951EA4BAC60009A9CA;
			productRefGroup = 99782D9F1EA4BAC60009A9CA /* Products */;
			projectDirPath = "";
			projectRoot = "";
			targets = (
				99782D9D1EA4BAC60009A9CA /* APOD Browser */,
				99782DB41EA4BAC60009A9CA /* APOD BrowserTests */,
				99782DBF1EA4BAC60009A9CA /* APOD BrowserUITests */,
			);
		};
/* End PBXProject section */

/* Begin PBXResourcesBuildPhase section */
		99782D9C1EA4BAC60009A9CA /* Resources */ = {
			isa = PBXResourcesBuildPhase;
			buildActionMask = 2147483647;
			files = (
				99782DAF1EA4BAC60009A9CA /* LaunchScreen.storyboard in Resources */,
				99782DAC1EA4BAC60009A9CA /* Assets.xcassets in Resources */,
				99782DA71EA4BAC60009A9CA /* Main.storyboard in Resources */,
			);
			runOnlyForDeploymentPostprocessing = 0;
		};
		99782DB31EA4BAC60009A9CA /* Resources */ = {
			isa = PBXResourcesBuildPhase;
			buildActionMask = 2147483647;
			files = (
			);
			runOnlyForDeploymentPostprocessing = 0;
		};
		99782DBE1EA4BAC60009A9CA /* Resources */ = {
			isa = PBXResourcesBuildPhase;
			buildActionMask = 2147483647;
			files = (
			);
			runOnlyForDeploymentPostprocessing = 0;
		};
/* End PBXResourcesBuildPhase section */

/* Begin PBXSourcesBuildPhase section */
		99782D9A1EA4BAC60009A9CA /* Sources */ = {
			isa = PBXSourcesBuildPhase;
			buildActionMask = 2147483647;
			files = (
				99782DD31EA4D3000009A9CA /* NetworkManager.swift in Sources */,
				99782DAA1EA4BAC60009A9CA /* APOD_Browser.xcdatamodeld in Sources */,
				99782DA41EA4BAC60009A9CA /* ViewController.swift in Sources */,
				99782DA21EA4BAC60009A9CA /* AppDelegate.swift in Sources */,
			);
			runOnlyForDeploymentPostprocessing = 0;
		};
		99782DB11EA4BAC60009A9CA /* Sources */ = {
			isa = PBXSourcesBuildPhase;
			buildActionMask = 2147483647;
			files = (
				99782DBA1EA4BAC60009A9CA /* APOD_BrowserTests.swift in Sources */,
			);
			runOnlyForDeploymentPostprocessing = 0;
		};
		99782DBC1EA4BAC60009A9CA /* Sources */ = {
			isa = PBXSourcesBuildPhase;
			buildActionMask = 2147483647;
			files = (
				99782DC51EA4BAC60009A9CA /* APOD_BrowserUITests.swift in Sources */,
			);
			runOnlyForDeploymentPostprocessing = 0;
		};
/* End PBXSourcesBuildPhase section */

/* Begin PBXTargetDependency section */
		99782DB71EA4BAC60009A9CA /* PBXTargetDependency */ = {
			isa = PBXTargetDependency;
			target = 99782D9D1EA4BAC60009A9CA /* APOD Browser */;
			targetProxy = 99782DB61EA4BAC60009A9CA /* PBXContainerItemProxy */;
		};
		99782DC21EA4BAC60009A9CA /* PBXTargetDependency */ = {
			isa = PBXTargetDependency;
			target = 99782D9D1EA4BAC60009A9CA /* APOD Browser */;
			targetProxy = 99782DC11EA4BAC60009A9CA /* PBXContainerItemProxy */;
		};
/* End PBXTargetDependency section */

/* Begin PBXVariantGroup section */
		99782DA51EA4BAC60009A9CA /* Main.storyboard */ = {
			isa = PBXVariantGroup;
			children = (
				99782DA61EA4BAC60009A9CA /* Base */,
			);
			name = Main.storyboard;
			sourceTree = "<group>";
		};
		99782DAD1EA4BAC60009A9CA /* LaunchScreen.storyboard */ = {
			isa = PBXVariantGroup;
			children = (
				99782DAE1EA4BAC60009A9CA /* Base */,
			);
			name = LaunchScreen.storyboard;
			sourceTree = "<group>";
		};
/* End PBXVariantGroup section */

/* Begin XCBuildConfiguration section */
		99782DC71EA4BAC60009A9CA /* Debug */ = {
			isa = XCBuildConfiguration;
			buildSettings = {
				ALWAYS_SEARCH_USER_PATHS = NO;
				CLANG_ANALYZER_NONNULL = YES;
				CLANG_ANALYZER_NUMBER_OBJECT_CONVERSION = YES_AGGRESSIVE;
				CLANG_CXX_LANGUAGE_STANDARD = "gnu++0x";
				CLANG_CXX_LIBRARY = "libc++";
				CLANG_ENABLE_MODULES = YES;
				CLANG_ENABLE_OBJC_ARC = YES;
				CLANG_WARN_BOOL_CONVERSION = YES;
				CLANG_WARN_CONSTANT_CONVERSION = YES;
				CLANG_WARN_DIRECT_OBJC_ISA_USAGE = YES_ERROR;
				CLANG_WARN_DOCUMENTATION_COMMENTS = YES;
				CLANG_WARN_EMPTY_BODY = YES;
				CLANG_WARN_ENUM_CONVERSION = YES;
				CLANG_WARN_INFINITE_RECURSION = YES;
				CLANG_WARN_INT_CONVERSION = YES;
				CLANG_WARN_OBJC_ROOT_CLASS = YES_ERROR;
				CLANG_WARN_SUSPICIOUS_MOVE = YES;
				CLANG_WARN_UNREACHABLE_CODE = YES;
				CLANG_WARN__DUPLICATE_METHOD_MATCH = YES;
				"CODE_SIGN_IDENTITY[sdk=iphoneos*]" = "iPhone Developer";
				COPY_PHASE_STRIP = NO;
				DEBUG_INFORMATION_FORMAT = dwarf;
				ENABLE_STRICT_OBJC_MSGSEND = YES;
				ENABLE_TESTABILITY = YES;
				GCC_C_LANGUAGE_STANDARD = gnu99;
				GCC_DYNAMIC_NO_PIC = NO;
				GCC_NO_COMMON_BLOCKS = YES;
				GCC_OPTIMIZATION_LEVEL = 0;
				GCC_PREPROCESSOR_DEFINITIONS = (
					"DEBUG=1",
					"$(inherited)",
				);
				GCC_WARN_64_TO_32_BIT_CONVERSION = YES;
				GCC_WARN_ABOUT_RETURN_TYPE = YES_ERROR;
				GCC_WARN_UNDECLARED_SELECTOR = YES;
				GCC_WARN_UNINITIALIZED_AUTOS = YES_AGGRESSIVE;
				GCC_WARN_UNUSED_FUNCTION = YES;
				GCC_WARN_UNUSED_VARIABLE = YES;
				IPHONEOS_DEPLOYMENT_TARGET = 10.3;
				MTL_ENABLE_DEBUG_INFO = YES;
				ONLY_ACTIVE_ARCH = YES;
				SDKROOT = iphoneos;
				SWIFT_ACTIVE_COMPILATION_CONDITIONS = DEBUG;
				SWIFT_OPTIMIZATION_LEVEL = "-Onone";
				TARGETED_DEVICE_FAMILY = "1,2";
			};
			name = Debug;
		};
		99782DC81EA4BAC60009A9CA /* Release */ = {
			isa = XCBuildConfiguration;
			buildSettings = {
				ALWAYS_SEARCH_USER_PATHS = NO;
				CLANG_ANALYZER_NONNULL = YES;
				CLANG_ANALYZER_NUMBER_OBJECT_CONVERSION = YES_AGGRESSIVE;
				CLANG_CXX_LANGUAGE_STANDARD = "gnu++0x";
				CLANG_CXX_LIBRARY = "libc++";
				CLANG_ENABLE_MODULES = YES;
				CLANG_ENABLE_OBJC_ARC = YES;
				CLANG_WARN_BOOL_CONVERSION = YES;
				CLANG_WARN_CONSTANT_CONVERSION = YES;
				CLANG_WARN_DIRECT_OBJC_ISA_USAGE = YES_ERROR;
				CLANG_WARN_DOCUMENTATION_COMMENTS = YES;
				CLANG_WARN_EMPTY_BODY = YES;
				CLANG_WARN_ENUM_CONVERSION = YES;
				CLANG_WARN_INFINITE_RECURSION = YES;
				CLANG_WARN_INT_CONVERSION = YES;
				CLANG_WARN_OBJC_ROOT_CLASS = YES_ERROR;
				CLANG_WARN_SUSPICIOUS_MOVE = YES;
				CLANG_WARN_UNREACHABLE_CODE = YES;
				CLANG_WARN__DUPLICATE_METHOD_MATCH = YES;
				"CODE_SIGN_IDENTITY[sdk=iphoneos*]" = "iPhone Developer";
				COPY_PHASE_STRIP = NO;
				DEBUG_INFORMATION_FORMAT = "dwarf-with-dsym";
				ENABLE_NS_ASSERTIONS = NO;
				ENABLE_STRICT_OBJC_MSGSEND = YES;
				GCC_C_LANGUAGE_STANDARD = gnu99;
				GCC_NO_COMMON_BLOCKS = YES;
				GCC_WARN_64_TO_32_BIT_CONVERSION = YES;
				GCC_WARN_ABOUT_RETURN_TYPE = YES_ERROR;
				GCC_WARN_UNDECLARED_SELECTOR = YES;
				GCC_WARN_UNINITIALIZED_AUTOS = YES_AGGRESSIVE;
				GCC_WARN_UNUSED_FUNCTION = YES;
				GCC_WARN_UNUSED_VARIABLE = YES;
				IPHONEOS_DEPLOYMENT_TARGET = 10.3;
				MTL_ENABLE_DEBUG_INFO = NO;
				SDKROOT = iphoneos;
				SWIFT_OPTIMIZATION_LEVEL = "-Owholemodule";
				TARGETED_DEVICE_FAMILY = "1,2";
				VALIDATE_PRODUCT = YES;
			};
			name = Release;
		};
		99782DCA1EA4BAC60009A9CA /* Debug */ = {
			isa = XCBuildConfiguration;
			buildSettings = {
				ASSETCATALOG_COMPILER_APPICON_NAME = AppIcon;
				DEVELOPMENT_TEAM = F37NX2W83F;
				INFOPLIST_FILE = "APOD Browser/Info.plist";
				LD_RUNPATH_SEARCH_PATHS = "$(inherited) @executable_path/Frameworks";
				PRODUCT_BUNDLE_IDENTIFIER = "com.uglybluecat.APOD-Browser";
				PRODUCT_NAME = "$(TARGET_NAME)";
				SWIFT_VERSION = 3.0;
			};
			name = Debug;
		};
		99782DCB1EA4BAC60009A9CA /* Release */ = {
			isa = XCBuildConfiguration;
			buildSettings = {
				ASSETCATALOG_COMPILER_APPICON_NAME = AppIcon;
				DEVELOPMENT_TEAM = F37NX2W83F;
				INFOPLIST_FILE = "APOD Browser/Info.plist";
				LD_RUNPATH_SEARCH_PATHS = "$(inherited) @executable_path/Frameworks";
				PRODUCT_BUNDLE_IDENTIFIER = "com.uglybluecat.APOD-Browser";
				PRODUCT_NAME = "$(TARGET_NAME)";
				SWIFT_VERSION = 3.0;
			};
			name = Release;
		};
		99782DCD1EA4BAC60009A9CA /* Debug */ = {
			isa = XCBuildConfiguration;
			buildSettings = {
				ALWAYS_EMBED_SWIFT_STANDARD_LIBRARIES = YES;
				BUNDLE_LOADER = "$(TEST_HOST)";
				DEVELOPMENT_TEAM = F37NX2W83F;
				INFOPLIST_FILE = "APOD BrowserTests/Info.plist";
				LD_RUNPATH_SEARCH_PATHS = "$(inherited) @executable_path/Frameworks @loader_path/Frameworks";
				PRODUCT_BUNDLE_IDENTIFIER = "com.uglybluecat.APOD-BrowserTests";
				PRODUCT_NAME = "$(TARGET_NAME)";
				SWIFT_VERSION = 3.0;
				TEST_HOST = "$(BUILT_PRODUCTS_DIR)/APOD Browser.app/APOD Browser";
			};
			name = Debug;
		};
		99782DCE1EA4BAC60009A9CA /* Release */ = {
			isa = XCBuildConfiguration;
			buildSettings = {
				ALWAYS_EMBED_SWIFT_STANDARD_LIBRARIES = YES;
				BUNDLE_LOADER = "$(TEST_HOST)";
				DEVELOPMENT_TEAM = F37NX2W83F;
				INFOPLIST_FILE = "APOD BrowserTests/Info.plist";
				LD_RUNPATH_SEARCH_PATHS = "$(inherited) @executable_path/Frameworks @loader_path/Frameworks";
				PRODUCT_BUNDLE_IDENTIFIER = "com.uglybluecat.APOD-BrowserTests";
				PRODUCT_NAME = "$(TARGET_NAME)";
				SWIFT_VERSION = 3.0;
				TEST_HOST = "$(BUILT_PRODUCTS_DIR)/APOD Browser.app/APOD Browser";
			};
			name = Release;
		};
		99782DD01EA4BAC60009A9CA /* Debug */ = {
			isa = XCBuildConfiguration;
			buildSettings = {
				ALWAYS_EMBED_SWIFT_STANDARD_LIBRARIES = YES;
				DEVELOPMENT_TEAM = F37NX2W83F;
				INFOPLIST_FILE = "APOD BrowserUITests/Info.plist";
				LD_RUNPATH_SEARCH_PATHS = "$(inherited) @executable_path/Frameworks @loader_path/Frameworks";
				PRODUCT_BUNDLE_IDENTIFIER = "com.uglybluecat.APOD-BrowserUITests";
				PRODUCT_NAME = "$(TARGET_NAME)";
				SWIFT_VERSION = 3.0;
				TEST_TARGET_NAME = "APOD Browser";
			};
			name = Debug;
		};
		99782DD11EA4BAC60009A9CA /* Release */ = {
			isa = XCBuildConfiguration;
			buildSettings = {
				ALWAYS_EMBED_SWIFT_STANDARD_LIBRARIES = YES;
				DEVELOPMENT_TEAM = F37NX2W83F;
				INFOPLIST_FILE = "APOD BrowserUITests/Info.plist";
				LD_RUNPATH_SEARCH_PATHS = "$(inherited) @executable_path/Frameworks @loader_path/Frameworks";
				PRODUCT_BUNDLE_IDENTIFIER = "com.uglybluecat.APOD-BrowserUITests";
				PRODUCT_NAME = "$(TARGET_NAME)";
				SWIFT_VERSION = 3.0;
				TEST_TARGET_NAME = "APOD Browser";
			};
			name = Release;
		};
/* End XCBuildConfiguration section */

/* Begin XCConfigurationList section */
		99782D991EA4BAC60009A9CA /* Build configuration list for PBXProject "APOD Browser" */ = {
			isa = XCConfigurationList;
			buildConfigurations = (
				99782DC71EA4BAC60009A9CA /* Debug */,
				99782DC81EA4BAC60009A9CA /* Release */,
			);
			defaultConfigurationIsVisible = 0;
			defaultConfigurationName = Release;
		};
		99782DC91EA4BAC60009A9CA /* Build configuration list for PBXNativeTarget "APOD Browser" */ = {
			isa = XCConfigurationList;
			buildConfigurations = (
				99782DCA1EA4BAC60009A9CA /* Debug */,
				99782DCB1EA4BAC60009A9CA /* Release */,
			);
			defaultConfigurationIsVisible = 0;
		};
		99782DCC1EA4BAC60009A9CA /* Build configuration list for PBXNativeTarget "APOD BrowserTests" */ = {
			isa = XCConfigurationList;
			buildConfigurations = (
				99782DCD1EA4BAC60009A9CA /* Debug */,
				99782DCE1EA4BAC60009A9CA /* Release */,
			);
			defaultConfigurationIsVisible = 0;
		};
		99782DCF1EA4BAC60009A9CA /* Build configuration list for PBXNativeTarget "APOD BrowserUITests" */ = {
			isa = XCConfigurationList;
			buildConfigurations = (
				99782DD01EA4BAC60009A9CA /* Debug */,
				99782DD11EA4BAC60009A9CA /* Release */,
			);
			defaultConfigurationIsVisible = 0;
		};
/* End XCConfigurationList section */

/* Begin XCVersionGroup section */
		99782DA81EA4BAC60009A9CA /* APOD_Browser.xcdatamodeld */ = {
			isa = XCVersionGroup;
			children = (
				99782DA91EA4BAC60009A9CA /* APOD_Browser.xcdatamodel */,
			);
			currentVersion = 99782DA91EA4BAC60009A9CA /* APOD_Browser.xcdatamodel */;
			path = APOD_Browser.xcdatamodeld;
			sourceTree = "<group>";
			versionGroupType = wrapper.xcdatamodel;
		};
/* End XCVersionGroup section */
	};
	rootObject = 99782D961EA4BAC60009A9CA /* Project object */;
}
